<?xml version="1.0" encoding="utf-8"?>
<Project ToolsVersion="4.0" xmlns="http://schemas.microsoft.com/developer/msbuild/2003">
  <ItemGroup>
    <Filter Include="Source Files">
      <UniqueIdentifier>{26e88613-460f-47af-9f66-97af61b3cb5d}</UniqueIdentifier>
      <Extensions>cpp;c;cxx;rc;def;r;odl;idl;hpj;bat</Extensions>
    </Filter>
    <Filter Include="Header Files">
      <UniqueIdentifier>{6c3c6ce4-864e-4c44-bac7-a9a3c6bd8dfb}</UniqueIdentifier>
      <Extensions>h;hpp;hxx;hm;inl</Extensions>
    </Filter>
    <Filter Include="Resource Files">
      <UniqueIdentifier>{82a0db17-c700-4268-b6ca-a2d96364d7ff}</UniqueIdentifier>
      <Extensions>ico;cur;bmp;dlg;rc2;rct;bin;rgs;gif;jpg;jpeg;jpe</Extensions>
    </Filter>
  </ItemGroup>
  <ItemGroup>
    <ClCompile Include="edmset.cpp">
      <Filter>Source Files</Filter>
    </ClCompile>
    <ClCompile Include="StdAfx.cpp">
      <Filter>Source Files</Filter>
    </ClCompile>
    <ClCompile Include="rsdutime.cpp">
      <Filter>Source Files</Filter>
    </ClCompile>
    <ClCompile Include="Gost.cpp">
      <Filter>Source Files</Filter>
    </ClCompile>
    <ClCompile Include="RSDUCryp.cpp">
      <Filter>Source Files</Filter>
    </ClCompile>
  </ItemGroup>
  <ItemGroup>
    <ClInclude Include="StdAfx.h">
      <Filter>Header Files</Filter>
    </ClInclude>
    <ClInclude Include="errlist.h">
      <Filter>Header Files</Filter>
    </ClInclude>
    <ClInclude Include="rdef.h">
      <Filter>Header Files</Filter>
    </ClInclude>
    <ClInclude Include="rsdulogs.h">
      <Filter>Header Files</Filter>
    </ClInclude>
    <ClInclude Include="rsdutime.h">
      <Filter>Header Files</Filter>
    </ClInclude>
    <ClInclude Include="stnoalg.h">
      <Filter>Header Files</Filter>
    </ClInclude>
    <ClInclude Include="stalgrst.h">
      <Filter>Header Files</Filter>
    </ClInclude>
    <ClInclude Include="utilsapi.h">
      <Filter>Header Files</Filter>
    </ClInclude>
    <ClInclude Include="winint.h">
      <Filter>Header Files</Filter>
    </ClInclude>
    <ClInclude Include="rsducryp.h">
      <Filter>Header Files</Filter>
    </ClInclude>
  </ItemGroup>
  <ItemGroup>
    <Text Include="ReadMe.txt" />
  </ItemGroup>
</Project>