
Microsoft Visual Studio Solution File, Format Version 12.00
# Visual Studio 2012
# SharpDevelop 5.1
VisualStudioVersion = 12.0.20827.3
MinimumVisualStudioVersion = 10.0.40219.1
Project("{FAE04EC0-301F-11D3-BF4B-00C04F79EFBC}") = "FormulGen2", "FormulGen2\FormulGen2.csproj", "{DC01DFE9-12B9-4ED6-B9BD-7C7FFFB8760B}"
EndProject
Global
	GlobalSection(SolutionConfigurationPlatforms) = preSolution
		Debug|Any CPU = Debug|Any CPU
		Release|Any CPU = Release|Any CPU
	EndGlobalSection
	GlobalSection(ProjectConfigurationPlatforms) = postSolution
		{DC01DFE9-12B9-4ED6-B9BD-7C7FFFB8760B}.Debug|Any CPU.ActiveCfg = Debug|Any CPU
		{DC01DFE9-12B9-4ED6-B9BD-7C7FFFB8760B}.Debug|Any CPU.Build.0 = Debug|Any CPU
		{DC01DFE9-12B9-4ED6-B9BD-7C7FFFB8760B}.Release|Any CPU.ActiveCfg = Release|Any CPU
		{DC01DFE9-12B9-4ED6-B9BD-7C7FFFB8760B}.Release|Any CPU.Build.0 = Release|Any CPU
	EndGlobalSection
EndGlobal
